# This file is automatically @generated by Cargo.
# It is not intended for manual editing.
version = 3

[[package]]
name = "nshrs"
version = "0.1.0"
dependencies = [
 "ringbuffer",
]

[[package]]
name = "ringbuffer"
version = "0.15.0"
source = "registry+https://github.com/rust-lang/crates.io-index"
checksum = "3df6368f71f205ff9c33c076d170dd56ebf68e8161c733c0caa07a7a5509ed53"
